
Microsoft Visual Studio Solution File, Format Version 12.00
# Visual Studio Version 16
VisualStudioVersion = 16.0.31727.386
MinimumVisualStudioVersion = 10.0.40219.1
Project("{FAE04EC0-301F-11D3-BF4B-00C04F79EFBC}") = "Plataforma_Estudiantil", "Plataforma_Estudiantil.csproj", "{CD7A2226-DEAA-479D-9CCF-71FAEE8C1C33}"
EndProject
Global
	GlobalSection(SolutionConfigurationPlatforms) = preSolution
		Debug|Any CPU = Debug|Any CPU
		Release|Any CPU = Release|Any CPU
	EndGlobalSection
	GlobalSection(ProjectConfigurationPlatforms) = postSolution
		{CD7A2226-DEAA-479D-9CCF-71FAEE8C1C33}.Debug|Any CPU.ActiveCfg = Debug|Any CPU
		{CD7A2226-DEAA-479D-9CCF-71FAEE8C1C33}.Debug|Any CPU.Build.0 = Debug|Any CPU
		{CD7A2226-DEAA-479D-9CCF-71FAEE8C1C33}.Release|Any CPU.ActiveCfg = Release|Any CPU
		{CD7A2226-DEAA-479D-9CCF-71FAEE8C1C33}.Release|Any CPU.Build.0 = Release|Any CPU
	EndGlobalSection
	GlobalSection(SolutionProperties) = preSolution
		HideSolutionNode = FALSE
	EndGlobalSection
	GlobalSection(ExtensibilityGlobals) = postSolution
		SolutionGuid = {0729D1E2-F2DA-4A10-9993-229612A74674}
	EndGlobalSection
EndGlobal
